
Microsoft Visual Studio Solution File, Format Version 12.00
# Visual Studio Version 17
VisualStudioVersion = 17.5.002.0
MinimumVisualStudioVersion = 10.0.40219.1
Project("{2150E333-8FDC-42A3-9474-1A3956D46DE8}") = "csharp-prep", "csharp-prep", "{9D6CF260-DC67-45CA-8AD8-0802D0056522}"
EndProject
Project("{9A19103F-16F7-4668-BE54-9A1E7A4F7556}") = "Prep1", "csharp-prep\Prep1\Prep1.csproj", "{11C59074-B01A-4082-AB4C-A1C23BA36722}"
EndProject
Project("{9A19103F-16F7-4668-BE54-9A1E7A4F7556}") = "Prep2", "csharp-prep\Prep2\Prep2.csproj", "{6A44D649-A0B8-448E-A815-FC29466F789F}"
EndProject
Project("{9A19103F-16F7-4668-BE54-9A1E7A4F7556}") = "Prep3", "csharp-prep\Prep3\Prep3.csproj", "{D6DC2835-CC47-43E1-8C25-78143CDF1321}"
EndProject
Project("{9A19103F-16F7-4668-BE54-9A1E7A4F7556}") = "Prep4", "csharp-prep\Prep4\Prep4.csproj", "{F6388840-B7EC-4A35-AF25-B82C7FDC9CB8}"
EndProject
Project("{9A19103F-16F7-4668-BE54-9A1E7A4F7556}") = "Prep5", "csharp-prep\Prep5\Prep5.csproj", "{B9A94C54-1677-4BEC-A009-DC6AAD622E20}"
EndProject
Project("{2150E333-8FDC-42A3-9474-1A3956D46DE8}") = "final", "final", "{2519D673-0E48-4A7D-81BA-B98BFAFEFB35}"
EndProject
Project("{9A19103F-16F7-4668-BE54-9A1E7A4F7556}") = "FinalProject", "final\FinalProject\FinalProject.csproj", "{1A2868AA-01AA-48E9-8201-8D8E36D4EA8B}"
EndProject
Project("{9A19103F-16F7-4668-BE54-9A1E7A4F7556}") = "Foundation1", "final\Foundation1\Foundation1.csproj", "{9ED92BB7-B227-4561-A24D-9273D186D5A7}"
EndProject
Project("{9A19103F-16F7-4668-BE54-9A1E7A4F7556}") = "Foundation2", "final\Foundation2\Foundation2.csproj", "{4DC05C02-A51B-4E49-A21E-5920AF139F0C}"
EndProject
Project("{9A19103F-16F7-4668-BE54-9A1E7A4F7556}") = "Foundation3", "final\Foundation3\Foundation3.csproj", "{670918EC-F66B-4568-8EB9-042D75527F7C}"
EndProject
Project("{9A19103F-16F7-4668-BE54-9A1E7A4F7556}") = "Foundation4", "final\Foundation4\Foundation4.csproj", "{92CD863C-BF09-495E-80C9-F84954AE50D1}"
EndProject
Project("{2150E333-8FDC-42A3-9474-1A3956D46DE8}") = "prepare", "prepare", "{F4CCED02-F472-41FC-9484-C94DA1D29740}"
EndProject
Project("{9A19103F-16F7-4668-BE54-9A1E7A4F7556}") = "Learning02", "prepare\Learning02\Learning02.csproj", "{C26BC49C-41EE-42D0-A413-D5CB414C10CE}"
EndProject
Project("{9A19103F-16F7-4668-BE54-9A1E7A4F7556}") = "Learning03", "prepare\Learning03\Learning03.csproj", "{1621DEB0-BA35-4340-AE26-BC7EB3DCF6E4}"
EndProject
Project("{9A19103F-16F7-4668-BE54-9A1E7A4F7556}") = "Learning04", "prepare\Learning04\Learning04.csproj", "{066A3A59-E3EB-443B-91F6-6839494BCA43}"
EndProject
Project("{9A19103F-16F7-4668-BE54-9A1E7A4F7556}") = "Learning05", "prepare\Learning05\Learning05.csproj", "{7C18722A-8371-4B5E-A9A1-B35462077877}"
EndProject
Project("{2150E333-8FDC-42A3-9474-1A3956D46DE8}") = "prove", "prove", "{9B25DD66-289F-4EBF-8DEF-B2C42438FDB7}"
EndProject
Project("{9A19103F-16F7-4668-BE54-9A1E7A4F7556}") = "Develop02", "prove\Develop02\Develop02.csproj", "{B21EEB8A-F1BF-4D1E-AE86-DF303FC2DA18}"
EndProject
Project("{9A19103F-16F7-4668-BE54-9A1E7A4F7556}") = "Develop03", "prove\Develop03\Develop03.csproj", "{FD19A23C-8DB4-4F73-B46B-99AC3CC405F4}"
EndProject
Project("{9A19103F-16F7-4668-BE54-9A1E7A4F7556}") = "Develop04", "prove\Develop04\Develop04.csproj", "{6DB0AA28-47E7-4311-975D-C3EEFCA9ED30}"
EndProject
Project("{9A19103F-16F7-4668-BE54-9A1E7A4F7556}") = "Develop05", "prove\Develop05\Develop05.csproj", "{8F7EF252-5828-4D5C-8F3B-BB939C942A9F}"
EndProject
Project("{2150E333-8FDC-42A3-9474-1A3956D46DE8}") = "sandbox", "sandbox", "{275A0C8F-D475-49D9-AF04-AAA78CFBAE7B}"
EndProject
Project("{9A19103F-16F7-4668-BE54-9A1E7A4F7556}") = "Sandbox", "sandbox\Sandbox\Sandbox.csproj", "{7DCD4797-83F5-4C8F-A2F9-B6A4CEEFFEF5}"
EndProject
Global
	GlobalSection(SolutionConfigurationPlatforms) = preSolution
		Debug|Any CPU = Debug|Any CPU
		Release|Any CPU = Release|Any CPU
	EndGlobalSection
	GlobalSection(ProjectConfigurationPlatforms) = postSolution
		{11C59074-B01A-4082-AB4C-A1C23BA36722}.Debug|Any CPU.ActiveCfg = Debug|Any CPU
		{11C59074-B01A-4082-AB4C-A1C23BA36722}.Debug|Any CPU.Build.0 = Debug|Any CPU
		{11C59074-B01A-4082-AB4C-A1C23BA36722}.Release|Any CPU.ActiveCfg = Release|Any CPU
		{11C59074-B01A-4082-AB4C-A1C23BA36722}.Release|Any CPU.Build.0 = Release|Any CPU
		{6A44D649-A0B8-448E-A815-FC29466F789F}.Debug|Any CPU.ActiveCfg = Debug|Any CPU
		{6A44D649-A0B8-448E-A815-FC29466F789F}.Debug|Any CPU.Build.0 = Debug|Any CPU
		{6A44D649-A0B8-448E-A815-FC29466F789F}.Release|Any CPU.ActiveCfg = Release|Any CPU
		{6A44D649-A0B8-448E-A815-FC29466F789F}.Release|Any CPU.Build.0 = Release|Any CPU
		{D6DC2835-CC47-43E1-8C25-78143CDF1321}.Debug|Any CPU.ActiveCfg = Debug|Any CPU
		{D6DC2835-CC47-43E1-8C25-78143CDF1321}.Debug|Any CPU.Build.0 = Debug|Any CPU
		{D6DC2835-CC47-43E1-8C25-78143CDF1321}.Release|Any CPU.ActiveCfg = Release|Any CPU
		{D6DC2835-CC47-43E1-8C25-78143CDF1321}.Release|Any CPU.Build.0 = Release|Any CPU
		{F6388840-B7EC-4A35-AF25-B82C7FDC9CB8}.Debug|Any CPU.ActiveCfg = Debug|Any CPU
		{F6388840-B7EC-4A35-AF25-B82C7FDC9CB8}.Debug|Any CPU.Build.0 = Debug|Any CPU
		{F6388840-B7EC-4A35-AF25-B82C7FDC9CB8}.Release|Any CPU.ActiveCfg = Release|Any CPU
		{F6388840-B7EC-4A35-AF25-B82C7FDC9CB8}.Release|Any CPU.Build.0 = Release|Any CPU
		{B9A94C54-1677-4BEC-A009-DC6AAD622E20}.Debug|Any CPU.ActiveCfg = Debug|Any CPU
		{B9A94C54-1677-4BEC-A009-DC6AAD622E20}.Debug|Any CPU.Build.0 = Debug|Any CPU
		{B9A94C54-1677-4BEC-A009-DC6AAD622E20}.Release|Any CPU.ActiveCfg = Release|Any CPU
		{B9A94C54-1677-4BEC-A009-DC6AAD622E20}.Release|Any CPU.Build.0 = Release|Any CPU
		{1A2868AA-01AA-48E9-8201-8D8E36D4EA8B}.Debug|Any CPU.ActiveCfg = Debug|Any CPU
		{1A2868AA-01AA-48E9-8201-8D8E36D4EA8B}.Debug|Any CPU.Build.0 = Debug|Any CPU
		{1A2868AA-01AA-48E9-8201-8D8E36D4EA8B}.Release|Any CPU.ActiveCfg = Release|Any CPU
		{1A2868AA-01AA-48E9-8201-8D8E36D4EA8B}.Release|Any CPU.Build.0 = Release|Any CPU
		{9ED92BB7-B227-4561-A24D-9273D186D5A7}.Debug|Any CPU.ActiveCfg = Debug|Any CPU
		{9ED92BB7-B227-4561-A24D-9273D186D5A7}.Debug|Any CPU.Build.0 = Debug|Any CPU
		{9ED92BB7-B227-4561-A24D-9273D186D5A7}.Release|Any CPU.ActiveCfg = Release|Any CPU
		{9ED92BB7-B227-4561-A24D-9273D186D5A7}.Release|Any CPU.Build.0 = Release|Any CPU
		{4DC05C02-A51B-4E49-A21E-5920AF139F0C}.Debug|Any CPU.ActiveCfg = Debug|Any CPU
		{4DC05C02-A51B-4E49-A21E-5920AF139F0C}.Debug|Any CPU.Build.0 = Debug|Any CPU
		{4DC05C02-A51B-4E49-A21E-5920AF139F0C}.Release|Any CPU.ActiveCfg = Release|Any CPU
		{4DC05C02-A51B-4E49-A21E-5920AF139F0C}.Release|Any CPU.Build.0 = Release|Any CPU
		{670918EC-F66B-4568-8EB9-042D75527F7C}.Debug|Any CPU.ActiveCfg = Debug|Any CPU
		{670918EC-F66B-4568-8EB9-042D75527F7C}.Debug|Any CPU.Build.0 = Debug|Any CPU
		{670918EC-F66B-4568-8EB9-042D75527F7C}.Release|Any CPU.ActiveCfg = Release|Any CPU
		{670918EC-F66B-4568-8EB9-042D75527F7C}.Release|Any CPU.Build.0 = Release|Any CPU
		{92CD863C-BF09-495E-80C9-F84954AE50D1}.Debug|Any CPU.ActiveCfg = Debug|Any CPU
		{92CD863C-BF09-495E-80C9-F84954AE50D1}.Debug|Any CPU.Build.0 = Debug|Any CPU
		{92CD863C-BF09-495E-80C9-F84954AE50D1}.Release|Any CPU.ActiveCfg = Release|Any CPU
		{92CD863C-BF09-495E-80C9-F84954AE50D1}.Release|Any CPU.Build.0 = Release|Any CPU
		{C26BC49C-41EE-42D0-A413-D5CB414C10CE}.Debug|Any CPU.ActiveCfg = Debug|Any CPU
		{C26BC49C-41EE-42D0-A413-D5CB414C10CE}.Debug|Any CPU.Build.0 = Debug|Any CPU
		{C26BC49C-41EE-42D0-A413-D5CB414C10CE}.Release|Any CPU.ActiveCfg = Release|Any CPU
		{C26BC49C-41EE-42D0-A413-D5CB414C10CE}.Release|Any CPU.Build.0 = Release|Any CPU
		{1621DEB0-BA35-4340-AE26-BC7EB3DCF6E4}.Debug|Any CPU.ActiveCfg = Debug|Any CPU
		{1621DEB0-BA35-4340-AE26-BC7EB3DCF6E4}.Debug|Any CPU.Build.0 = Debug|Any CPU
		{1621DEB0-BA35-4340-AE26-BC7EB3DCF6E4}.Release|Any CPU.ActiveCfg = Release|Any CPU
		{1621DEB0-BA35-4340-AE26-BC7EB3DCF6E4}.Release|Any CPU.Build.0 = Release|Any CPU
		{066A3A59-E3EB-443B-91F6-6839494BCA43}.Debug|Any CPU.ActiveCfg = Debug|Any CPU
		{066A3A59-E3EB-443B-91F6-6839494BCA43}.Debug|Any CPU.Build.0 = Debug|Any CPU
		{066A3A59-E3EB-443B-91F6-6839494BCA43}.Release|Any CPU.ActiveCfg = Release|Any CPU
		{066A3A59-E3EB-443B-91F6-6839494BCA43}.Release|Any CPU.Build.0 = Release|Any CPU
		{7C18722A-8371-4B5E-A9A1-B35462077877}.Debug|Any CPU.ActiveCfg = Debug|Any CPU
		{7C18722A-8371-4B5E-A9A1-B35462077877}.Debug|Any CPU.Build.0 = Debug|Any CPU
		{7C18722A-8371-4B5E-A9A1-B35462077877}.Release|Any CPU.ActiveCfg = Release|Any CPU
		{7C18722A-8371-4B5E-A9A1-B35462077877}.Release|Any CPU.Build.0 = Release|Any CPU
		{B21EEB8A-F1BF-4D1E-AE86-DF303FC2DA18}.Debug|Any CPU.ActiveCfg = Debug|Any CPU
		{B21EEB8A-F1BF-4D1E-AE86-DF303FC2DA18}.Debug|Any CPU.Build.0 = Debug|Any CPU
		{B21EEB8A-F1BF-4D1E-AE86-DF303FC2DA18}.Release|Any CPU.ActiveCfg = Release|Any CPU
		{B21EEB8A-F1BF-4D1E-AE86-DF303FC2DA18}.Release|Any CPU.Build.0 = Release|Any CPU
		{FD19A23C-8DB4-4F73-B46B-99AC3CC405F4}.Debug|Any CPU.ActiveCfg = Debug|Any CPU
		{FD19A23C-8DB4-4F73-B46B-99AC3CC405F4}.Debug|Any CPU.Build.0 = Debug|Any CPU
		{FD19A23C-8DB4-4F73-B46B-99AC3CC405F4}.Release|Any CPU.ActiveCfg = Release|Any CPU
		{FD19A23C-8DB4-4F73-B46B-99AC3CC405F4}.Release|Any CPU.Build.0 = Release|Any CPU
		{6DB0AA28-47E7-4311-975D-C3EEFCA9ED30}.Debug|Any CPU.ActiveCfg = Debug|Any CPU
		{6DB0AA28-47E7-4311-975D-C3EEFCA9ED30}.Debug|Any CPU.Build.0 = Debug|Any CPU
		{6DB0AA28-47E7-4311-975D-C3EEFCA9ED30}.Release|Any CPU.ActiveCfg = Release|Any CPU
		{6DB0AA28-47E7-4311-975D-C3EEFCA9ED30}.Release|Any CPU.Build.0 = Release|Any CPU
		{8F7EF252-5828-4D5C-8F3B-BB939C942A9F}.Debug|Any CPU.ActiveCfg = Debug|Any CPU
		{8F7EF252-5828-4D5C-8F3B-BB939C942A9F}.Debug|Any CPU.Build.0 = Debug|Any CPU
		{8F7EF252-5828-4D5C-8F3B-BB939C942A9F}.Release|Any CPU.ActiveCfg = Release|Any CPU
		{8F7EF252-5828-4D5C-8F3B-BB939C942A9F}.Release|Any CPU.Build.0 = Release|Any CPU
		{7DCD4797-83F5-4C8F-A2F9-B6A4CEEFFEF5}.Debug|Any CPU.ActiveCfg = Debug|Any CPU
		{7DCD4797-83F5-4C8F-A2F9-B6A4CEEFFEF5}.Debug|Any CPU.Build.0 = Debug|Any CPU
		{7DCD4797-83F5-4C8F-A2F9-B6A4CEEFFEF5}.Release|Any CPU.ActiveCfg = Release|Any CPU
		{7DCD4797-83F5-4C8F-A2F9-B6A4CEEFFEF5}.Release|Any CPU.Build.0 = Release|Any CPU
	EndGlobalSection
	GlobalSection(SolutionProperties) = preSolution
		HideSolutionNode = FALSE
	EndGlobalSection
	GlobalSection(NestedProjects) = preSolution
		{11C59074-B01A-4082-AB4C-A1C23BA36722} = {9D6CF260-DC67-45CA-8AD8-0802D0056522}
		{6A44D649-A0B8-448E-A815-FC29466F789F} = {9D6CF260-DC67-45CA-8AD8-0802D0056522}
		{D6DC2835-CC47-43E1-8C25-78143CDF1321} = {9D6CF260-DC67-45CA-8AD8-0802D0056522}
		{F6388840-B7EC-4A35-AF25-B82C7FDC9CB8} = {9D6CF260-DC67-45CA-8AD8-0802D0056522}
		{B9A94C54-1677-4BEC-A009-DC6AAD622E20} = {9D6CF260-DC67-45CA-8AD8-0802D0056522}
		{1A2868AA-01AA-48E9-8201-8D8E36D4EA8B} = {2519D673-0E48-4A7D-81BA-B98BFAFEFB35}
		{9ED92BB7-B227-4561-A24D-9273D186D5A7} = {2519D673-0E48-4A7D-81BA-B98BFAFEFB35}
		{4DC05C02-A51B-4E49-A21E-5920AF139F0C} = {2519D673-0E48-4A7D-81BA-B98BFAFEFB35}
		{670918EC-F66B-4568-8EB9-042D75527F7C} = {2519D673-0E48-4A7D-81BA-B98BFAFEFB35}
		{92CD863C-BF09-495E-80C9-F84954AE50D1} = {2519D673-0E48-4A7D-81BA-B98BFAFEFB35}
		{C26BC49C-41EE-42D0-A413-D5CB414C10CE} = {F4CCED02-F472-41FC-9484-C94DA1D29740}
		{1621DEB0-BA35-4340-AE26-BC7EB3DCF6E4} = {F4CCED02-F472-41FC-9484-C94DA1D29740}
		{066A3A59-E3EB-443B-91F6-6839494BCA43} = {F4CCED02-F472-41FC-9484-C94DA1D29740}
		{7C18722A-8371-4B5E-A9A1-B35462077877} = {F4CCED02-F472-41FC-9484-C94DA1D29740}
		{B21EEB8A-F1BF-4D1E-AE86-DF303FC2DA18} = {9B25DD66-289F-4EBF-8DEF-B2C42438FDB7}
		{FD19A23C-8DB4-4F73-B46B-99AC3CC405F4} = {9B25DD66-289F-4EBF-8DEF-B2C42438FDB7}
		{6DB0AA28-47E7-4311-975D-C3EEFCA9ED30} = {9B25DD66-289F-4EBF-8DEF-B2C42438FDB7}
		{8F7EF252-5828-4D5C-8F3B-BB939C942A9F} = {9B25DD66-289F-4EBF-8DEF-B2C42438FDB7}
		{7DCD4797-83F5-4C8F-A2F9-B6A4CEEFFEF5} = {275A0C8F-D475-49D9-AF04-AAA78CFBAE7B}
	EndGlobalSection
	GlobalSection(ExtensibilityGlobals) = postSolution
		SolutionGuid = {C82BEF37-9F24-4E37-A433-C082D2E700D0}
	EndGlobalSection
EndGlobal
